
Microsoft Visual Studio Solution File, Format Version 12.00
# Visual Studio Version 17
VisualStudioVersion = 17.11.35303.130
MinimumVisualStudioVersion = 10.0.40219.1
Project("{FAE04EC0-301F-11D3-BF4B-00C04F79EFBC}") = "OPP pz9", "OPP pz9.csproj", "{4884AE08-0113-4E14-83B0-D7E0357BB674}"
EndProject
Global
	GlobalSection(SolutionConfigurationPlatforms) = preSolution
		Debug|Any CPU = Debug|Any CPU
		Release|Any CPU = Release|Any CPU
	EndGlobalSection
	GlobalSection(ProjectConfigurationPlatforms) = postSolution
		{4884AE08-0113-4E14-83B0-D7E0357BB674}.Debug|Any CPU.ActiveCfg = Debug|Any CPU
		{4884AE08-0113-4E14-83B0-D7E0357BB674}.Debug|Any CPU.Build.0 = Debug|Any CPU
		{4884AE08-0113-4E14-83B0-D7E0357BB674}.Release|Any CPU.ActiveCfg = Release|Any CPU
		{4884AE08-0113-4E14-83B0-D7E0357BB674}.Release|Any CPU.Build.0 = Release|Any CPU
	EndGlobalSection
	GlobalSection(SolutionProperties) = preSolution
		HideSolutionNode = FALSE
	EndGlobalSection
	GlobalSection(ExtensibilityGlobals) = postSolution
		SolutionGuid = {D9FCCFA5-F3FB-4FD3-BE96-0D32013093E3}
	EndGlobalSection
EndGlobal
